
Microsoft Visual Studio Solution File, Format Version 12.00
# Visual Studio Version 16
VisualStudioVersion = 16.0.29905.134
MinimumVisualStudioVersion = 10.0.40219.1
Project("{FAE04EC0-301F-11D3-BF4B-00C04F79EFBC}") = "Primer Proyecto Github", "Primer Proyecto Github\Primer Proyecto Github.csproj", "{14CA8097-1160-475A-AD0F-850C1E56D916}"
EndProject
Global
	GlobalSection(SolutionConfigurationPlatforms) = preSolution
		Debug|Any CPU = Debug|Any CPU
		Release|Any CPU = Release|Any CPU
	EndGlobalSection
	GlobalSection(ProjectConfigurationPlatforms) = postSolution
		{14CA8097-1160-475A-AD0F-850C1E56D916}.Debug|Any CPU.ActiveCfg = Debug|Any CPU
		{14CA8097-1160-475A-AD0F-850C1E56D916}.Debug|Any CPU.Build.0 = Debug|Any CPU
		{14CA8097-1160-475A-AD0F-850C1E56D916}.Release|Any CPU.ActiveCfg = Release|Any CPU
		{14CA8097-1160-475A-AD0F-850C1E56D916}.Release|Any CPU.Build.0 = Release|Any CPU
	EndGlobalSection
	GlobalSection(SolutionProperties) = preSolution
		HideSolutionNode = FALSE
	EndGlobalSection
	GlobalSection(ExtensibilityGlobals) = postSolution
		SolutionGuid = {51EBAFDE-A2F5-415D-886A-966D6876FC6B}
	EndGlobalSection
EndGlobal
